// !$*UTF8*$!
{
	archiveVersion = 1;
	classes = {
	};
	objectVersion = 55;
	objects = {

/* Begin PBXBuildFile section */
		CE3FEE2D289F88C700586F49 /* Dictionary.swift in Sources */ = {isa = PBXBuildFile; fileRef = CE3FEE2C289F88C700586F49 /* Dictionary.swift */; };
		CE3FEE2F289F89B500586F49 /* CharacterSet.swift in Sources */ = {isa = PBXBuildFile; fileRef = CE3FEE2E289F89B500586F49 /* CharacterSet.swift */; };
		CE3FEE31289F89D500586F49 /* ImageDataInfo.swift in Sources */ = {isa = PBXBuildFile; fileRef = CE3FEE30289F89D500586F49 /* ImageDataInfo.swift */; };
		CE3FEE33289F89FA00586F49 /* RequestManager.swift in Sources */ = {isa = PBXBuildFile; fileRef = CE3FEE32289F89FA00586F49 /* RequestManager.swift */; };
		CE3FEE35289F8BAC00586F49 /* HTTPMethod.swift in Sources */ = {isa = PBXBuildFile; fileRef = CE3FEE34289F8BAC00586F49 /* HTTPMethod.swift */; };
		CE3FEE37289F900D00586F49 /* ServerInfo.swift in Sources */ = {isa = PBXBuildFile; fileRef = CE3FEE36289F900D00586F49 /* ServerInfo.swift */; };
		CE3FEE39289F907900586F49 /* ServerManager.swift in Sources */ = {isa = PBXBuildFile; fileRef = CE3FEE38289F907900586F49 /* ServerManager.swift */; };
		CE3FEE3B289F917800586F49 /* ServerPath.swift in Sources */ = {isa = PBXBuildFile; fileRef = CE3FEE3A289F917800586F49 /* ServerPath.swift */; };
		CE3FEE40289F939700586F49 /* AppError.swift in Sources */ = {isa = PBXBuildFile; fileRef = CE3FEE3F289F939600586F49 /* AppError.swift */; };
		CE3FEE42289F951B00586F49 /* AppErrorCodes.swift in Sources */ = {isa = PBXBuildFile; fileRef = CE3FEE41289F951B00586F49 /* AppErrorCodes.swift */; };
		CED875F5289E57AB00AB3A1F /* AppDelegate.swift in Sources */ = {isa = PBXBuildFile; fileRef = CED875F4289E57AB00AB3A1F /* AppDelegate.swift */; };
		CED875F7289E57AB00AB3A1F /* SceneDelegate.swift in Sources */ = {isa = PBXBuildFile; fileRef = CED875F6289E57AB00AB3A1F /* SceneDelegate.swift */; };
		CED875F9289E57AB00AB3A1F /* ViewController.swift in Sources */ = {isa = PBXBuildFile; fileRef = CED875F8289E57AB00AB3A1F /* ViewController.swift */; };
		CED875FC289E57AB00AB3A1F /* Main.storyboard in Resources */ = {isa = PBXBuildFile; fileRef = CED875FA289E57AB00AB3A1F /* Main.storyboard */; };
		CED875FE289E57AF00AB3A1F /* Assets.xcassets in Resources */ = {isa = PBXBuildFile; fileRef = CED875FD289E57AF00AB3A1F /* Assets.xcassets */; };
		CED87601289E57AF00AB3A1F /* LaunchScreen.storyboard in Resources */ = {isa = PBXBuildFile; fileRef = CED875FF289E57AF00AB3A1F /* LaunchScreen.storyboard */; };
/* End PBXBuildFile section */

/* Begin PBXFileReference section */
		CE3FEE2C289F88C700586F49 /* Dictionary.swift */ = {isa = PBXFileReference; lastKnownFileType = sourcecode.swift; path = Dictionary.swift; sourceTree = "<group>"; };
		CE3FEE2E289F89B500586F49 /* CharacterSet.swift */ = {isa = PBXFileReference; lastKnownFileType = sourcecode.swift; path = CharacterSet.swift; sourceTree = "<group>"; };
		CE3FEE30289F89D500586F49 /* ImageDataInfo.swift */ = {isa = PBXFileReference; lastKnownFileType = sourcecode.swift; path = ImageDataInfo.swift; sourceTree = "<group>"; };
		CE3FEE32289F89FA00586F49 /* RequestManager.swift */ = {isa = PBXFileReference; lastKnownFileType = sourcecode.swift; path = RequestManager.swift; sourceTree = "<group>"; };
		CE3FEE34289F8BAC00586F49 /* HTTPMethod.swift */ = {isa = PBXFileReference; lastKnownFileType = sourcecode.swift; path = HTTPMethod.swift; sourceTree = "<group>"; };
		CE3FEE36289F900D00586F49 /* ServerInfo.swift */ = {isa = PBXFileReference; lastKnownFileType = sourcecode.swift; path = ServerInfo.swift; sourceTree = "<group>"; };
		CE3FEE38289F907900586F49 /* ServerManager.swift */ = {isa = PBXFileReference; lastKnownFileType = sourcecode.swift; path = ServerManager.swift; sourceTree = "<group>"; };
		CE3FEE3A289F917800586F49 /* ServerPath.swift */ = {isa = PBXFileReference; lastKnownFileType = sourcecode.swift; path = ServerPath.swift; sourceTree = "<group>"; };
		CE3FEE3F289F939600586F49 /* AppError.swift */ = {isa = PBXFileReference; lastKnownFileType = sourcecode.swift; path = AppError.swift; sourceTree = "<group>"; };
		CE3FEE41289F951B00586F49 /* AppErrorCodes.swift */ = {isa = PBXFileReference; lastKnownFileType = sourcecode.swift; path = AppErrorCodes.swift; sourceTree = "<group>"; };
		CED875F1289E57AB00AB3A1F /* ScaleImage.app */ = {isa = PBXFileReference; explicitFileType = wrapper.application; includeInIndex = 0; path = ScaleImage.app; sourceTree = BUILT_PRODUCTS_DIR; };
		CED875F4289E57AB00AB3A1F /* AppDelegate.swift */ = {isa = PBXFileReference; lastKnownFileType = sourcecode.swift; name = AppDelegate.swift; path = ../AppDelegate.swift; sourceTree = "<group>"; };
		CED875F6289E57AB00AB3A1F /* SceneDelegate.swift */ = {isa = PBXFileReference; lastKnownFileType = sourcecode.swift; name = SceneDelegate.swift; path = ../SceneDelegate.swift; sourceTree = "<group>"; };
		CED875F8289E57AB00AB3A1F /* ViewController.swift */ = {isa = PBXFileReference; lastKnownFileType = sourcecode.swift; path = ViewController.swift; sourceTree = "<group>"; };
		CED875FB289E57AB00AB3A1F /* Base */ = {isa = PBXFileReference; lastKnownFileType = file.storyboard; name = Base; path = Base.lproj/Main.storyboard; sourceTree = "<group>"; };
		CED875FD289E57AF00AB3A1F /* Assets.xcassets */ = {isa = PBXFileReference; lastKnownFileType = folder.assetcatalog; path = Assets.xcassets; sourceTree = "<group>"; };
		CED87600289E57AF00AB3A1F /* Base */ = {isa = PBXFileReference; lastKnownFileType = file.storyboard; name = Base; path = Base.lproj/LaunchScreen.storyboard; sourceTree = "<group>"; };
		CED87602289E57AF00AB3A1F /* Info.plist */ = {isa = PBXFileReference; lastKnownFileType = text.plist.xml; path = Info.plist; sourceTree = "<group>"; };
/* End PBXFileReference section */

/* Begin PBXFrameworksBuildPhase section */
		CED875EE289E57AB00AB3A1F /* Frameworks */ = {
			isa = PBXFrameworksBuildPhase;
			buildActionMask = 2147483647;
			files = (
			);
			runOnlyForDeploymentPostprocessing = 0;
		};
/* End PBXFrameworksBuildPhase section */

/* Begin PBXGroup section */
		CE3FEE28289F889200586F49 /* Resources */ = {
			isa = PBXGroup;
			children = (
				CED875FD289E57AF00AB3A1F /* Assets.xcassets */,
				CED875FF289E57AF00AB3A1F /* LaunchScreen.storyboard */,
				CED87602289E57AF00AB3A1F /* Info.plist */,
			);
			path = Resources;
			sourceTree = "<group>";
		};
		CE3FEE29289F88A500586F49 /* Controllers */ = {
			isa = PBXGroup;
			children = (
				CED875F8289E57AB00AB3A1F /* ViewController.swift */,
				CED875FA289E57AB00AB3A1F /* Main.storyboard */,
			);
			path = Controllers;
			sourceTree = "<group>";
		};
		CE3FEE2A289F88AD00586F49 /* Model */ = {
			isa = PBXGroup;
			children = (
				CE3FEE30289F89D500586F49 /* ImageDataInfo.swift */,
				CE3FEE43289F9AB300586F49 /* HTTPInfo */,
				CE3FEE3E289F938E00586F49 /* Error */,
				CE3FEE3C289F91CF00586F49 /* Entities */,
				CE3FEE38289F907900586F49 /* ServerManager.swift */,
				CE3FEE32289F89FA00586F49 /* RequestManager.swift */,
			);
			path = Model;
			sourceTree = "<group>";
		};
		CE3FEE2B289F88BB00586F49 /* Extension */ = {
			isa = PBXGroup;
			children = (
				CE3FEE2C289F88C700586F49 /* Dictionary.swift */,
				CE3FEE2E289F89B500586F49 /* CharacterSet.swift */,
			);
			path = Extension;
			sourceTree = "<group>";
		};
		CE3FEE3C289F91CF00586F49 /* Entities */ = {
			isa = PBXGroup;
			children = (
				CE3FEE36289F900D00586F49 /* ServerInfo.swift */,
				CE3FEE3A289F917800586F49 /* ServerPath.swift */,
			);
			path = Entities;
			sourceTree = "<group>";
		};
		CE3FEE3E289F938E00586F49 /* Error */ = {
			isa = PBXGroup;
			children = (
				CE3FEE3F289F939600586F49 /* AppError.swift */,
				CE3FEE41289F951B00586F49 /* AppErrorCodes.swift */,
			);
			path = Error;
			sourceTree = "<group>";
		};
		CE3FEE43289F9AB300586F49 /* HTTPInfo */ = {
			isa = PBXGroup;
			children = (
				CE3FEE34289F8BAC00586F49 /* HTTPMethod.swift */,
			);
			path = HTTPInfo;
			sourceTree = "<group>";
		};
		CE5CFE6F289F886B00B186E6 /* App */ = {
			isa = PBXGroup;
			children = (
				CED875F4289E57AB00AB3A1F /* AppDelegate.swift */,
				CED875F6289E57AB00AB3A1F /* SceneDelegate.swift */,
			);
			path = App;
			sourceTree = "<group>";
		};
		CED875E8289E57AB00AB3A1F = {
			isa = PBXGroup;
			children = (
				CED875F3289E57AB00AB3A1F /* ScaleImage */,
				CED875F2289E57AB00AB3A1F /* Products */,
			);
			sourceTree = "<group>";
		};
		CED875F2289E57AB00AB3A1F /* Products */ = {
			isa = PBXGroup;
			children = (
				CED875F1289E57AB00AB3A1F /* ScaleImage.app */,
			);
			name = Products;
			sourceTree = "<group>";
		};
		CED875F3289E57AB00AB3A1F /* ScaleImage */ = {
			isa = PBXGroup;
			children = (
				CE3FEE2B289F88BB00586F49 /* Extension */,
				CE3FEE2A289F88AD00586F49 /* Model */,
				CE5CFE6F289F886B00B186E6 /* App */,
				CE3FEE29289F88A500586F49 /* Controllers */,
				CE3FEE28289F889200586F49 /* Resources */,
			);
			path = ScaleImage;
			sourceTree = "<group>";
		};
/* End PBXGroup section */

/* Begin PBXNativeTarget section */
		CED875F0289E57AB00AB3A1F /* ScaleImage */ = {
			isa = PBXNativeTarget;
			buildConfigurationList = CED87605289E57AF00AB3A1F /* Build configuration list for PBXNativeTarget "ScaleImage" */;
			buildPhases = (
				CED875ED289E57AB00AB3A1F /* Sources */,
				CED875EE289E57AB00AB3A1F /* Frameworks */,
				CED875EF289E57AB00AB3A1F /* Resources */,
			);
			buildRules = (
			);
			dependencies = (
			);
			name = ScaleImage;
			productName = ScaleImage;
			productReference = CED875F1289E57AB00AB3A1F /* ScaleImage.app */;
			productType = "com.apple.product-type.application";
		};
/* End PBXNativeTarget section */

/* Begin PBXProject section */
		CED875E9289E57AB00AB3A1F /* Project object */ = {
			isa = PBXProject;
			attributes = {
				BuildIndependentTargetsInParallel = 1;
				LastSwiftUpdateCheck = 1340;
				LastUpgradeCheck = 1340;
				TargetAttributes = {
					CED875F0289E57AB00AB3A1F = {
						CreatedOnToolsVersion = 13.4.1;
					};
				};
			};
			buildConfigurationList = CED875EC289E57AB00AB3A1F /* Build configuration list for PBXProject "ScaleImage" */;
			compatibilityVersion = "Xcode 13.0";
			developmentRegion = en;
			hasScannedForEncodings = 0;
			knownRegions = (
				en,
				Base,
			);
			mainGroup = CED875E8289E57AB00AB3A1F;
			productRefGroup = CED875F2289E57AB00AB3A1F /* Products */;
			projectDirPath = "";
			projectRoot = "";
			targets = (
				CED875F0289E57AB00AB3A1F /* ScaleImage */,
			);
		};
/* End PBXProject section */

/* Begin PBXResourcesBuildPhase section */
		CED875EF289E57AB00AB3A1F /* Resources */ = {
			isa = PBXResourcesBuildPhase;
			buildActionMask = 2147483647;
			files = (
				CED87601289E57AF00AB3A1F /* LaunchScreen.storyboard in Resources */,
				CED875FE289E57AF00AB3A1F /* Assets.xcassets in Resources */,
				CED875FC289E57AB00AB3A1F /* Main.storyboard in Resources */,
			);
			runOnlyForDeploymentPostprocessing = 0;
		};
/* End PBXResourcesBuildPhase section */

/* Begin PBXSourcesBuildPhase section */
		CED875ED289E57AB00AB3A1F /* Sources */ = {
			isa = PBXSourcesBuildPhase;
			buildActionMask = 2147483647;
			files = (
				CE3FEE39289F907900586F49 /* ServerManager.swift in Sources */,
				CED875F9289E57AB00AB3A1F /* ViewController.swift in Sources */,
				CE3FEE2D289F88C700586F49 /* Dictionary.swift in Sources */,
				CED875F5289E57AB00AB3A1F /* AppDelegate.swift in Sources */,
				CE3FEE2F289F89B500586F49 /* CharacterSet.swift in Sources */,
				CE3FEE35289F8BAC00586F49 /* HTTPMethod.swift in Sources */,
				CE3FEE37289F900D00586F49 /* ServerInfo.swift in Sources */,
				CE3FEE33289F89FA00586F49 /* RequestManager.swift in Sources */,
				CE3FEE42289F951B00586F49 /* AppErrorCodes.swift in Sources */,
				CE3FEE40289F939700586F49 /* AppError.swift in Sources */,
				CED875F7289E57AB00AB3A1F /* SceneDelegate.swift in Sources */,
				CE3FEE31289F89D500586F49 /* ImageDataInfo.swift in Sources */,
				CE3FEE3B289F917800586F49 /* ServerPath.swift in Sources */,
			);
			runOnlyForDeploymentPostprocessing = 0;
		};
/* End PBXSourcesBuildPhase section */

/* Begin PBXVariantGroup section */
		CED875FA289E57AB00AB3A1F /* Main.storyboard */ = {
			isa = PBXVariantGroup;
			children = (
				CED875FB289E57AB00AB3A1F /* Base */,
			);
			name = Main.storyboard;
			sourceTree = "<group>";
		};
		CED875FF289E57AF00AB3A1F /* LaunchScreen.storyboard */ = {
			isa = PBXVariantGroup;
			children = (
				CED87600289E57AF00AB3A1F /* Base */,
			);
			name = LaunchScreen.storyboard;
			sourceTree = "<group>";
		};
/* End PBXVariantGroup section */

/* Begin XCBuildConfiguration section */
		CED87603289E57AF00AB3A1F /* Debug */ = {
			isa = XCBuildConfiguration;
			buildSettings = {
				ALWAYS_SEARCH_USER_PATHS = NO;
				CLANG_ANALYZER_NONNULL = YES;
				CLANG_ANALYZER_NUMBER_OBJECT_CONVERSION = YES_AGGRESSIVE;
				CLANG_CXX_LANGUAGE_STANDARD = "gnu++17";
				CLANG_ENABLE_MODULES = YES;
				CLANG_ENABLE_OBJC_ARC = YES;
				CLANG_ENABLE_OBJC_WEAK = YES;
				CLANG_WARN_BLOCK_CAPTURE_AUTORELEASING = YES;
				CLANG_WARN_BOOL_CONVERSION = YES;
				CLANG_WARN_COMMA = YES;
				CLANG_WARN_CONSTANT_CONVERSION = YES;
				CLANG_WARN_DEPRECATED_OBJC_IMPLEMENTATIONS = YES;
				CLANG_WARN_DIRECT_OBJC_ISA_USAGE = YES_ERROR;
				CLANG_WARN_DOCUMENTATION_COMMENTS = YES;
				CLANG_WARN_EMPTY_BODY = YES;
				CLANG_WARN_ENUM_CONVERSION = YES;
				CLANG_WARN_INFINITE_RECURSION = YES;
				CLANG_WARN_INT_CONVERSION = YES;
				CLANG_WARN_NON_LITERAL_NULL_CONVERSION = YES;
				CLANG_WARN_OBJC_IMPLICIT_RETAIN_SELF = YES;
				CLANG_WARN_OBJC_LITERAL_CONVERSION = YES;
				CLANG_WARN_OBJC_ROOT_CLASS = YES_ERROR;
				CLANG_WARN_QUOTED_INCLUDE_IN_FRAMEWORK_HEADER = YES;
				CLANG_WARN_RANGE_LOOP_ANALYSIS = YES;
				CLANG_WARN_STRICT_PROTOTYPES = YES;
				CLANG_WARN_SUSPICIOUS_MOVE = YES;
				CLANG_WARN_UNGUARDED_AVAILABILITY = YES_AGGRESSIVE;
				CLANG_WARN_UNREACHABLE_CODE = YES;
				CLANG_WARN__DUPLICATE_METHOD_MATCH = YES;
				COPY_PHASE_STRIP = NO;
				DEBUG_INFORMATION_FORMAT = dwarf;
				ENABLE_STRICT_OBJC_MSGSEND = YES;
				ENABLE_TESTABILITY = YES;
				GCC_C_LANGUAGE_STANDARD = gnu11;
				GCC_DYNAMIC_NO_PIC = NO;
				GCC_NO_COMMON_BLOCKS = YES;
				GCC_OPTIMIZATION_LEVEL = 0;
				GCC_PREPROCESSOR_DEFINITIONS = (
					"DEBUG=1",
					"$(inherited)",
				);
				GCC_WARN_64_TO_32_BIT_CONVERSION = YES;
				GCC_WARN_ABOUT_RETURN_TYPE = YES_ERROR;
				GCC_WARN_UNDECLARED_SELECTOR = YES;
				GCC_WARN_UNINITIALIZED_AUTOS = YES_AGGRESSIVE;
				GCC_WARN_UNUSED_FUNCTION = YES;
				GCC_WARN_UNUSED_VARIABLE = YES;
				IPHONEOS_DEPLOYMENT_TARGET = 15.5;
				MTL_ENABLE_DEBUG_INFO = INCLUDE_SOURCE;
				MTL_FAST_MATH = YES;
				ONLY_ACTIVE_ARCH = YES;
				SDKROOT = iphoneos;
				SWIFT_ACTIVE_COMPILATION_CONDITIONS = DEBUG;
				SWIFT_OPTIMIZATION_LEVEL = "-Onone";
			};
			name = Debug;
		};
		CED87604289E57AF00AB3A1F /* Release */ = {
			isa = XCBuildConfiguration;
			buildSettings = {
				ALWAYS_SEARCH_USER_PATHS = NO;
				CLANG_ANALYZER_NONNULL = YES;
				CLANG_ANALYZER_NUMBER_OBJECT_CONVERSION = YES_AGGRESSIVE;
				CLANG_CXX_LANGUAGE_STANDARD = "gnu++17";
				CLANG_ENABLE_MODULES = YES;
				CLANG_ENABLE_OBJC_ARC = YES;
				CLANG_ENABLE_OBJC_WEAK = YES;
				CLANG_WARN_BLOCK_CAPTURE_AUTORELEASING = YES;
				CLANG_WARN_BOOL_CONVERSION = YES;
				CLANG_WARN_COMMA = YES;
				CLANG_WARN_CONSTANT_CONVERSION = YES;
				CLANG_WARN_DEPRECATED_OBJC_IMPLEMENTATIONS = YES;
				CLANG_WARN_DIRECT_OBJC_ISA_USAGE = YES_ERROR;
				CLANG_WARN_DOCUMENTATION_COMMENTS = YES;
				CLANG_WARN_EMPTY_BODY = YES;
				CLANG_WARN_ENUM_CONVERSION = YES;
				CLANG_WARN_INFINITE_RECURSION = YES;
				CLANG_WARN_INT_CONVERSION = YES;
				CLANG_WARN_NON_LITERAL_NULL_CONVERSION = YES;
				CLANG_WARN_OBJC_IMPLICIT_RETAIN_SELF = YES;
				CLANG_WARN_OBJC_LITERAL_CONVERSION = YES;
				CLANG_WARN_OBJC_ROOT_CLASS = YES_ERROR;
				CLANG_WARN_QUOTED_INCLUDE_IN_FRAMEWORK_HEADER = YES;
				CLANG_WARN_RANGE_LOOP_ANALYSIS = YES;
				CLANG_WARN_STRICT_PROTOTYPES = YES;
				CLANG_WARN_SUSPICIOUS_MOVE = YES;
				CLANG_WARN_UNGUARDED_AVAILABILITY = YES_AGGRESSIVE;
				CLANG_WARN_UNREACHABLE_CODE = YES;
				CLANG_WARN__DUPLICATE_METHOD_MATCH = YES;
				COPY_PHASE_STRIP = NO;
				DEBUG_INFORMATION_FORMAT = "dwarf-with-dsym";
				ENABLE_NS_ASSERTIONS = NO;
				ENABLE_STRICT_OBJC_MSGSEND = YES;
				GCC_C_LANGUAGE_STANDARD = gnu11;
				GCC_NO_COMMON_BLOCKS = YES;
				GCC_WARN_64_TO_32_BIT_CONVERSION = YES;
				GCC_WARN_ABOUT_RETURN_TYPE = YES_ERROR;
				GCC_WARN_UNDECLARED_SELECTOR = YES;
				GCC_WARN_UNINITIALIZED_AUTOS = YES_AGGRESSIVE;
				GCC_WARN_UNUSED_FUNCTION = YES;
				GCC_WARN_UNUSED_VARIABLE = YES;
				IPHONEOS_DEPLOYMENT_TARGET = 15.5;
				MTL_ENABLE_DEBUG_INFO = NO;
				MTL_FAST_MATH = YES;
				SDKROOT = iphoneos;
				SWIFT_COMPILATION_MODE = wholemodule;
				SWIFT_OPTIMIZATION_LEVEL = "-O";
				VALIDATE_PRODUCT = YES;
			};
			name = Release;
		};
		CED87606289E57AF00AB3A1F /* Debug */ = {
			isa = XCBuildConfiguration;
			buildSettings = {
				ASSETCATALOG_COMPILER_APPICON_NAME = AppIcon;
				ASSETCATALOG_COMPILER_GLOBAL_ACCENT_COLOR_NAME = AccentColor;
				CODE_SIGN_STYLE = Automatic;
				CURRENT_PROJECT_VERSION = 1;
				DEVELOPMENT_TEAM = DB9UTG3H5X;
				GENERATE_INFOPLIST_FILE = YES;
				INFOPLIST_FILE = ScaleImage/Resources/Info.plist;
				INFOPLIST_KEY_UIApplicationSupportsIndirectInputEvents = YES;
				INFOPLIST_KEY_UILaunchStoryboardName = LaunchScreen;
				INFOPLIST_KEY_UIMainStoryboardFile = Main;
				INFOPLIST_KEY_UISupportedInterfaceOrientations_iPad = "UIInterfaceOrientationPortrait UIInterfaceOrientationPortraitUpsideDown UIInterfaceOrientationLandscapeLeft UIInterfaceOrientationLandscapeRight";
				INFOPLIST_KEY_UISupportedInterfaceOrientations_iPhone = "UIInterfaceOrientationPortrait UIInterfaceOrientationLandscapeLeft UIInterfaceOrientationLandscapeRight";
				LD_RUNPATH_SEARCH_PATHS = (
					"$(inherited)",
					"@executable_path/Frameworks",
				);
				MARKETING_VERSION = 1.0;
				PRODUCT_BUNDLE_IDENTIFIER = com.Lumko.ScaleImage;
				PRODUCT_NAME = "$(TARGET_NAME)";
				SWIFT_EMIT_LOC_STRINGS = YES;
				SWIFT_VERSION = 5.0;
				TARGETED_DEVICE_FAMILY = "1,2";
			};
			name = Debug;
		};
		CED87607289E57AF00AB3A1F /* Release */ = {
			isa = XCBuildConfiguration;
			buildSettings = {
				ASSETCATALOG_COMPILER_APPICON_NAME = AppIcon;
				ASSETCATALOG_COMPILER_GLOBAL_ACCENT_COLOR_NAME = AccentColor;
				CODE_SIGN_STYLE = Automatic;
				CURRENT_PROJECT_VERSION = 1;
				DEVELOPMENT_TEAM = DB9UTG3H5X;
				GENERATE_INFOPLIST_FILE = YES;
				INFOPLIST_FILE = ScaleImage/Resources/Info.plist;
				INFOPLIST_KEY_UIApplicationSupportsIndirectInputEvents = YES;
				INFOPLIST_KEY_UILaunchStoryboardName = LaunchScreen;
				INFOPLIST_KEY_UIMainStoryboardFile = Main;
				INFOPLIST_KEY_UISupportedInterfaceOrientations_iPad = "UIInterfaceOrientationPortrait UIInterfaceOrientationPortraitUpsideDown UIInterfaceOrientationLandscapeLeft UIInterfaceOrientationLandscapeRight";
				INFOPLIST_KEY_UISupportedInterfaceOrientations_iPhone = "UIInterfaceOrientationPortrait UIInterfaceOrientationLandscapeLeft UIInterfaceOrientationLandscapeRight";
				LD_RUNPATH_SEARCH_PATHS = (
					"$(inherited)",
					"@executable_path/Frameworks",
				);
				MARKETING_VERSION = 1.0;
				PRODUCT_BUNDLE_IDENTIFIER = com.Lumko.ScaleImage;
				PRODUCT_NAME = "$(TARGET_NAME)";
				SWIFT_EMIT_LOC_STRINGS = YES;
				SWIFT_VERSION = 5.0;
				TARGETED_DEVICE_FAMILY = "1,2";
			};
			name = Release;
		};
/* End XCBuildConfiguration section */

/* Begin XCConfigurationList section */
		CED875EC289E57AB00AB3A1F /* Build configuration list for PBXProject "ScaleImage" */ = {
			isa = XCConfigurationList;
			buildConfigurations = (
				CED87603289E57AF00AB3A1F /* Debug */,
				CED87604289E57AF00AB3A1F /* Release */,
			);
			defaultConfigurationIsVisible = 0;
			defaultConfigurationName = Release;
		};
		CED87605289E57AF00AB3A1F /* Build configuration list for PBXNativeTarget "ScaleImage" */ = {
			isa = XCConfigurationList;
			buildConfigurations = (
				CED87606289E57AF00AB3A1F /* Debug */,
				CED87607289E57AF00AB3A1F /* Release */,
			);
			defaultConfigurationIsVisible = 0;
			defaultConfigurationName = Release;
		};
/* End XCConfigurationList section */
	};
	rootObject = CED875E9289E57AB00AB3A1F /* Project object */;
}
